
Microsoft Visual Studio Solution File, Format Version 12.00
# Visual Studio Version 16
VisualStudioVersion = 16.0.31112.23
MinimumVisualStudioVersion = 10.0.40219.1
Project("{9A19103F-16F7-4668-BE54-9A1E7A4F7556}") = "NETCoreApp", "NETCoreApp\NETCoreApp.csproj", "{876D05F3-096F-475F-966C-EBA67CA71E40}"
EndProject
Project("{FAE04EC0-301F-11D3-BF4B-00C04F79EFBC}") = "NETCoreApp.Test", "NETCoreApp.Test\NETCoreApp.Test.csproj", "{53726723-734F-4079-9E6A-C9A2D18FF70F}"
EndProject
Global
	GlobalSection(SolutionConfigurationPlatforms) = preSolution
		Debug|Any CPU = Debug|Any CPU
		Release|Any CPU = Release|Any CPU
	EndGlobalSection
	GlobalSection(ProjectConfigurationPlatforms) = postSolution
		{876D05F3-096F-475F-966C-EBA67CA71E40}.Debug|Any CPU.ActiveCfg = Debug|Any CPU
		{876D05F3-096F-475F-966C-EBA67CA71E40}.Debug|Any CPU.Build.0 = Debug|Any CPU
		{876D05F3-096F-475F-966C-EBA67CA71E40}.Release|Any CPU.ActiveCfg = Release|Any CPU
		{876D05F3-096F-475F-966C-EBA67CA71E40}.Release|Any CPU.Build.0 = Release|Any CPU
		{53726723-734F-4079-9E6A-C9A2D18FF70F}.Debug|Any CPU.ActiveCfg = Debug|Any CPU
		{53726723-734F-4079-9E6A-C9A2D18FF70F}.Debug|Any CPU.Build.0 = Debug|Any CPU
		{53726723-734F-4079-9E6A-C9A2D18FF70F}.Release|Any CPU.ActiveCfg = Release|Any CPU
		{53726723-734F-4079-9E6A-C9A2D18FF70F}.Release|Any CPU.Build.0 = Release|Any CPU
	EndGlobalSection
	GlobalSection(SolutionProperties) = preSolution
		HideSolutionNode = FALSE
	EndGlobalSection
	GlobalSection(ExtensibilityGlobals) = postSolution
		SolutionGuid = {061723A3-7945-4AC3-B5AD-C73E48F3E7CC}
	EndGlobalSection
EndGlobal
